// !$*UTF8*$!
{
	archiveVersion = 1;
	classes = {
	};
	objectVersion = 46;
	objects = {

/* Begin PBXBuildFile section */
		37F0F646158CD939005511CD /* UIKit.framework in Frameworks */ = {isa = PBXBuildFile; fileRef = 37F0F645158CD939005511CD /* UIKit.framework */; };
		37F0F648158CD939005511CD /* Foundation.framework in Frameworks */ = {isa = PBXBuildFile; fileRef = 37F0F647158CD939005511CD /* Foundation.framework */; };
		37F0F64A158CD939005511CD /* CoreGraphics.framework in Frameworks */ = {isa = PBXBuildFile; fileRef = 37F0F649158CD939005511CD /* CoreGraphics.framework */; };
		37F0F650158CD939005511CD /* InfoPlist.strings in Resources */ = {isa = PBXBuildFile; fileRef = 37F0F64E158CD939005511CD /* InfoPlist.strings */; };
		37F0F652158CD939005511CD /* main.m in Sources */ = {isa = PBXBuildFile; fileRef = 37F0F651158CD939005511CD /* main.m */; };
		37F0F656158CD939005511CD /* WWOAppDelegate.m in Sources */ = {isa = PBXBuildFile; fileRef = 37F0F655158CD939005511CD /* WWOAppDelegate.m */; };
		37F0F659158CD939005511CD /* WWOFirstViewController.m in Sources */ = {isa = PBXBuildFile; fileRef = 37F0F658158CD939005511CD /* WWOFirstViewController.m */; };
		37F0F65B158CD939005511CD /* first.png in Resources */ = {isa = PBXBuildFile; fileRef = 37F0F65A158CD939005511CD /* first.png */; };
		37F0F65D158CD939005511CD /* first@2x.png in Resources */ = {isa = PBXBuildFile; fileRef = 37F0F65C158CD939005511CD /* first@2x.png */; };
		37F0F660158CD939005511CD /* WWOSecondViewController.m in Sources */ = {isa = PBXBuildFile; fileRef = 37F0F65F158CD939005511CD /* WWOSecondViewController.m */; };
		37F0F662158CD939005511CD /* second.png in Resources */ = {isa = PBXBuildFile; fileRef = 37F0F661158CD939005511CD /* second.png */; };
		37F0F664158CD939005511CD /* second@2x.png in Resources */ = {isa = PBXBuildFile; fileRef = 37F0F663158CD939005511CD /* second@2x.png */; };
		37F0F667158CD939005511CD /* WWOFirstViewController.xib in Resources */ = {isa = PBXBuildFile; fileRef = 37F0F665158CD939005511CD /* WWOFirstViewController.xib */; };
		37F0F66A158CD939005511CD /* WWOSecondViewController.xib in Resources */ = {isa = PBXBuildFile; fileRef = 37F0F668158CD939005511CD /* WWOSecondViewController.xib */; };
/* End PBXBuildFile section */

/* Begin PBXFileReference section */
		37F0F641158CD939005511CD /* NightOut.app */ = {isa = PBXFileReference; explicitFileType = wrapper.application; includeInIndex = 0; path = NightOut.app; sourceTree = BUILT_PRODUCTS_DIR; };
		37F0F645158CD939005511CD /* UIKit.framework */ = {isa = PBXFileReference; lastKnownFileType = wrapper.framework; name = UIKit.framework; path = System/Library/Frameworks/UIKit.framework; sourceTree = SDKROOT; };
		37F0F647158CD939005511CD /* Foundation.framework */ = {isa = PBXFileReference; lastKnownFileType = wrapper.framework; name = Foundation.framework; path = System/Library/Frameworks/Foundation.framework; sourceTree = SDKROOT; };
		37F0F649158CD939005511CD /* CoreGraphics.framework */ = {isa = PBXFileReference; lastKnownFileType = wrapper.framework; name = CoreGraphics.framework; path = System/Library/Frameworks/CoreGraphics.framework; sourceTree = SDKROOT; };
		37F0F64D158CD939005511CD /* NightOut-Info.plist */ = {isa = PBXFileReference; lastKnownFileType = text.plist.xml; path = "NightOut-Info.plist"; sourceTree = "<group>"; };
		37F0F64F158CD939005511CD /* en */ = {isa = PBXFileReference; lastKnownFileType = text.plist.strings; name = en; path = en.lproj/InfoPlist.strings; sourceTree = "<group>"; };
		37F0F651158CD939005511CD /* main.m */ = {isa = PBXFileReference; lastKnownFileType = sourcecode.c.objc; path = main.m; sourceTree = "<group>"; };
		37F0F653158CD939005511CD /* NightOut-Prefix.pch */ = {isa = PBXFileReference; lastKnownFileType = sourcecode.c.h; path = "NightOut-Prefix.pch"; sourceTree = "<group>"; };
		37F0F654158CD939005511CD /* WWOAppDelegate.h */ = {isa = PBXFileReference; lastKnownFileType = sourcecode.c.h; path = WWOAppDelegate.h; sourceTree = "<group>"; };
		37F0F655158CD939005511CD /* WWOAppDelegate.m */ = {isa = PBXFileReference; lastKnownFileType = sourcecode.c.objc; path = WWOAppDelegate.m; sourceTree = "<group>"; };
		37F0F657158CD939005511CD /* WWOFirstViewController.h */ = {isa = PBXFileReference; lastKnownFileType = sourcecode.c.h; path = WWOFirstViewController.h; sourceTree = "<group>"; };
		37F0F658158CD939005511CD /* WWOFirstViewController.m */ = {isa = PBXFileReference; lastKnownFileType = sourcecode.c.objc; path = WWOFirstViewController.m; sourceTree = "<group>"; };
		37F0F65A158CD939005511CD /* first.png */ = {isa = PBXFileReference; lastKnownFileType = image.png; path = first.png; sourceTree = "<group>"; };
		37F0F65C158CD939005511CD /* first@2x.png */ = {isa = PBXFileReference; lastKnownFileType = image.png; path = "first@2x.png"; sourceTree = "<group>"; };
		37F0F65E158CD939005511CD /* WWOSecondViewController.h */ = {isa = PBXFileReference; lastKnownFileType = sourcecode.c.h; path = WWOSecondViewController.h; sourceTree = "<group>"; };
		37F0F65F158CD939005511CD /* WWOSecondViewController.m */ = {isa = PBXFileReference; lastKnownFileType = sourcecode.c.objc; path = WWOSecondViewController.m; sourceTree = "<group>"; };
		37F0F661158CD939005511CD /* second.png */ = {isa = PBXFileReference; lastKnownFileType = image.png; path = second.png; sourceTree = "<group>"; };
		37F0F663158CD939005511CD /* second@2x.png */ = {isa = PBXFileReference; lastKnownFileType = image.png; path = "second@2x.png"; sourceTree = "<group>"; };
		37F0F666158CD939005511CD /* en */ = {isa = PBXFileReference; lastKnownFileType = file.xib; name = en; path = en.lproj/WWOFirstViewController.xib; sourceTree = "<group>"; };
		37F0F669158CD939005511CD /* en */ = {isa = PBXFileReference; lastKnownFileType = file.xib; name = en; path = en.lproj/WWOSecondViewController.xib; sourceTree = "<group>"; };
/* End PBXFileReference section */

/* Begin PBXFrameworksBuildPhase section */
		37F0F63E158CD939005511CD /* Frameworks */ = {
			isa = PBXFrameworksBuildPhase;
			buildActionMask = 2147483647;
			files = (
				37F0F646158CD939005511CD /* UIKit.framework in Frameworks */,
				37F0F648158CD939005511CD /* Foundation.framework in Frameworks */,
				37F0F64A158CD939005511CD /* CoreGraphics.framework in Frameworks */,
			);
			runOnlyForDeploymentPostprocessing = 0;
		};
/* End PBXFrameworksBuildPhase section */

/* Begin PBXGroup section */
		37F0F636158CD939005511CD = {
			isa = PBXGroup;
			children = (
				37F0F64B158CD939005511CD /* NightOut */,
				37F0F644158CD939005511CD /* Frameworks */,
				37F0F642158CD939005511CD /* Products */,
			);
			sourceTree = "<group>";
		};
		37F0F642158CD939005511CD /* Products */ = {
			isa = PBXGroup;
			children = (
				37F0F641158CD939005511CD /* NightOut.app */,
			);
			name = Products;
			sourceTree = "<group>";
		};
		37F0F644158CD939005511CD /* Frameworks */ = {
			isa = PBXGroup;
			children = (
				37F0F645158CD939005511CD /* UIKit.framework */,
				37F0F647158CD939005511CD /* Foundation.framework */,
				37F0F649158CD939005511CD /* CoreGraphics.framework */,
			);
			name = Frameworks;
			sourceTree = "<group>";
		};
		37F0F64B158CD939005511CD /* NightOut */ = {
			isa = PBXGroup;
			children = (
				37F0F654158CD939005511CD /* WWOAppDelegate.h */,
				37F0F655158CD939005511CD /* WWOAppDelegate.m */,
				37F0F657158CD939005511CD /* WWOFirstViewController.h */,
				37F0F658158CD939005511CD /* WWOFirstViewController.m */,
				37F0F65A158CD939005511CD /* first.png */,
				37F0F65C158CD939005511CD /* first@2x.png */,
				37F0F65E158CD939005511CD /* WWOSecondViewController.h */,
				37F0F65F158CD939005511CD /* WWOSecondViewController.m */,
				37F0F661158CD939005511CD /* second.png */,
				37F0F663158CD939005511CD /* second@2x.png */,
				37F0F665158CD939005511CD /* WWOFirstViewController.xib */,
				37F0F668158CD939005511CD /* WWOSecondViewController.xib */,
				37F0F64C158CD939005511CD /* Supporting Files */,
			);
			path = NightOut;
			sourceTree = "<group>";
		};
		37F0F64C158CD939005511CD /* Supporting Files */ = {
			isa = PBXGroup;
			children = (
				37F0F64D158CD939005511CD /* NightOut-Info.plist */,
				37F0F64E158CD939005511CD /* InfoPlist.strings */,
				37F0F651158CD939005511CD /* main.m */,
				37F0F653158CD939005511CD /* NightOut-Prefix.pch */,
			);
			name = "Supporting Files";
			sourceTree = "<group>";
		};
/* End PBXGroup section */

/* Begin PBXNativeTarget section */
		37F0F640158CD939005511CD /* NightOut */ = {
			isa = PBXNativeTarget;
			buildConfigurationList = 37F0F66D158CD939005511CD /* Build configuration list for PBXNativeTarget "NightOut" */;
			buildPhases = (
				37F0F63D158CD939005511CD /* Sources */,
				37F0F63E158CD939005511CD /* Frameworks */,
				37F0F63F158CD939005511CD /* Resources */,
			);
			buildRules = (
			);
			dependencies = (
			);
			name = NightOut;
			productName = NightOut;
			productReference = 37F0F641158CD939005511CD /* NightOut.app */;
			productType = "com.apple.product-type.application";
		};
/* End PBXNativeTarget section */

/* Begin PBXProject section */
		37F0F638158CD939005511CD /* Project object */ = {
			isa = PBXProject;
			attributes = {
				CLASSPREFIX = WWO;
				LastUpgradeCheck = 0430;
				ORGANIZATIONNAME = WhoWentOut;
			};
			buildConfigurationList = 37F0F63B158CD939005511CD /* Build configuration list for PBXProject "NightOut" */;
			compatibilityVersion = "Xcode 3.2";
			developmentRegion = English;
			hasScannedForEncodings = 0;
			knownRegions = (
				en,
			);
			mainGroup = 37F0F636158CD939005511CD;
			productRefGroup = 37F0F642158CD939005511CD /* Products */;
			projectDirPath = "";
			projectRoot = "";
			targets = (
				37F0F640158CD939005511CD /* NightOut */,
			);
		};
/* End PBXProject section */

/* Begin PBXResourcesBuildPhase section */
		37F0F63F158CD939005511CD /* Resources */ = {
			isa = PBXResourcesBuildPhase;
			buildActionMask = 2147483647;
			files = (
				37F0F650158CD939005511CD /* InfoPlist.strings in Resources */,
				37F0F65B158CD939005511CD /* first.png in Resources */,
				37F0F65D158CD939005511CD /* first@2x.png in Resources */,
				37F0F662158CD939005511CD /* second.png in Resources */,
				37F0F664158CD939005511CD /* second@2x.png in Resources */,
				37F0F667158CD939005511CD /* WWOFirstViewController.xib in Resources */,
				37F0F66A158CD939005511CD /* WWOSecondViewController.xib in Resources */,
			);
			runOnlyForDeploymentPostprocessing = 0;
		};
/* End PBXResourcesBuildPhase section */

/* Begin PBXSourcesBuildPhase section */
		37F0F63D158CD939005511CD /* Sources */ = {
			isa = PBXSourcesBuildPhase;
			buildActionMask = 2147483647;
			files = (
				37F0F652158CD939005511CD /* main.m in Sources */,
				37F0F656158CD939005511CD /* WWOAppDelegate.m in Sources */,
				37F0F659158CD939005511CD /* WWOFirstViewController.m in Sources */,
				37F0F660158CD939005511CD /* WWOSecondViewController.m in Sources */,
			);
			runOnlyForDeploymentPostprocessing = 0;
		};
/* End PBXSourcesBuildPhase section */

/* Begin PBXVariantGroup section */
		37F0F64E158CD939005511CD /* InfoPlist.strings */ = {
			isa = PBXVariantGroup;
			children = (
				37F0F64F158CD939005511CD /* en */,
			);
			name = InfoPlist.strings;
			sourceTree = "<group>";
		};
		37F0F665158CD939005511CD /* WWOFirstViewController.xib */ = {
			isa = PBXVariantGroup;
			children = (
				37F0F666158CD939005511CD /* en */,
			);
			name = WWOFirstViewController.xib;
			sourceTree = "<group>";
		};
		37F0F668158CD939005511CD /* WWOSecondViewController.xib */ = {
			isa = PBXVariantGroup;
			children = (
				37F0F669158CD939005511CD /* en */,
			);
			name = WWOSecondViewController.xib;
			sourceTree = "<group>";
		};
/* End PBXVariantGroup section */

/* Begin XCBuildConfiguration section */
		37F0F66B158CD939005511CD /* Debug */ = {
			isa = XCBuildConfiguration;
			buildSettings = {
				ALWAYS_SEARCH_USER_PATHS = NO;
				ARCHS = "$(ARCHS_STANDARD_32_BIT)";
				"CODE_SIGN_IDENTITY[sdk=iphoneos*]" = "iPhone Developer";
				COPY_PHASE_STRIP = NO;
				GCC_C_LANGUAGE_STANDARD = gnu99;
				GCC_DYNAMIC_NO_PIC = NO;
				GCC_OPTIMIZATION_LEVEL = 0;
				GCC_PREPROCESSOR_DEFINITIONS = (
					"DEBUG=1",
					"$(inherited)",
				);
				GCC_SYMBOLS_PRIVATE_EXTERN = NO;
				GCC_VERSION = com.apple.compilers.llvm.clang.1_0;
				GCC_WARN_ABOUT_RETURN_TYPE = YES;
				GCC_WARN_UNINITIALIZED_AUTOS = YES;
				GCC_WARN_UNUSED_VARIABLE = YES;
				IPHONEOS_DEPLOYMENT_TARGET = 5.1;
				SDKROOT = iphoneos;
			};
			name = Debug;
		};
		37F0F66C158CD939005511CD /* Release */ = {
			isa = XCBuildConfiguration;
			buildSettings = {
				ALWAYS_SEARCH_USER_PATHS = NO;
				ARCHS = "$(ARCHS_STANDARD_32_BIT)";
				"CODE_SIGN_IDENTITY[sdk=iphoneos*]" = "iPhone Developer";
				COPY_PHASE_STRIP = YES;
				GCC_C_LANGUAGE_STANDARD = gnu99;
				GCC_VERSION = com.apple.compilers.llvm.clang.1_0;
				GCC_WARN_ABOUT_RETURN_TYPE = YES;
				GCC_WARN_UNINITIALIZED_AUTOS = YES;
				GCC_WARN_UNUSED_VARIABLE = YES;
				IPHONEOS_DEPLOYMENT_TARGET = 5.1;
				OTHER_CFLAGS = "-DNS_BLOCK_ASSERTIONS=1";
				SDKROOT = iphoneos;
				VALIDATE_PRODUCT = YES;
			};
			name = Release;
		};
		37F0F66E158CD939005511CD /* Debug */ = {
			isa = XCBuildConfiguration;
			buildSettings = {
				GCC_PRECOMPILE_PREFIX_HEADER = YES;
				GCC_PREFIX_HEADER = "NightOut/NightOut-Prefix.pch";
				INFOPLIST_FILE = "NightOut/NightOut-Info.plist";
				PRODUCT_NAME = "$(TARGET_NAME)";
				WRAPPER_EXTENSION = app;
			};
			name = Debug;
		};
		37F0F66F158CD939005511CD /* Release */ = {
			isa = XCBuildConfiguration;
			buildSettings = {
				GCC_PRECOMPILE_PREFIX_HEADER = YES;
				GCC_PREFIX_HEADER = "NightOut/NightOut-Prefix.pch";
				INFOPLIST_FILE = "NightOut/NightOut-Info.plist";
				PRODUCT_NAME = "$(TARGET_NAME)";
				WRAPPER_EXTENSION = app;
			};
			name = Release;
		};
/* End XCBuildConfiguration section */

/* Begin XCConfigurationList section */
		37F0F63B158CD939005511CD /* Build configuration list for PBXProject "NightOut" */ = {
			isa = XCConfigurationList;
			buildConfigurations = (
				37F0F66B158CD939005511CD /* Debug */,
				37F0F66C158CD939005511CD /* Release */,
			);
			defaultConfigurationIsVisible = 0;
			defaultConfigurationName = Release;
		};
		37F0F66D158CD939005511CD /* Build configuration list for PBXNativeTarget "NightOut" */ = {
			isa = XCConfigurationList;
			buildConfigurations = (
				37F0F66E158CD939005511CD /* Debug */,
				37F0F66F158CD939005511CD /* Release */,
			);
			defaultConfigurationIsVisible = 0;
		};
/* End XCConfigurationList section */
	};
	rootObject = 37F0F638158CD939005511CD /* Project object */;
}
