// !$*UTF8*$!
{
	archiveVersion = 1;
	classes = {
	};
	objectVersion = 46;
	objects = {

/* Begin PBXBuildFile section */
		371075E2158D3A3600871A12 /* AQGridSelection.png in Resources */ = {isa = PBXBuildFile; fileRef = 371075DD158D3A3600871A12 /* AQGridSelection.png */; };
		371075E3158D3A3600871A12 /* AQGridSelectionGray.png in Resources */ = {isa = PBXBuildFile; fileRef = 371075DE158D3A3600871A12 /* AQGridSelectionGray.png */; };
		371075E4158D3A3600871A12 /* AQGridSelectionGrayBlue.png in Resources */ = {isa = PBXBuildFile; fileRef = 371075DF158D3A3600871A12 /* AQGridSelectionGrayBlue.png */; };
		371075E5158D3A3600871A12 /* AQGridSelectionGreen.png in Resources */ = {isa = PBXBuildFile; fileRef = 371075E0158D3A3600871A12 /* AQGridSelectionGreen.png */; };
		371075E6158D3A3600871A12 /* AQGridSelectionRed.png in Resources */ = {isa = PBXBuildFile; fileRef = 371075E1158D3A3600871A12 /* AQGridSelectionRed.png */; };
		371075FC158D3AA200871A12 /* MKAnnotationView+WebCache.m in Sources */ = {isa = PBXBuildFile; fileRef = 371075E9158D3AA200871A12 /* MKAnnotationView+WebCache.m */; };
		371075FD158D3AA200871A12 /* SDImageCache.m in Sources */ = {isa = PBXBuildFile; fileRef = 371075EB158D3AA200871A12 /* SDImageCache.m */; };
		371075FE158D3AA200871A12 /* SDWebImageDecoder.m in Sources */ = {isa = PBXBuildFile; fileRef = 371075EF158D3AA200871A12 /* SDWebImageDecoder.m */; };
		371075FF158D3AA200871A12 /* SDWebImageDownloader.m in Sources */ = {isa = PBXBuildFile; fileRef = 371075F1158D3AA200871A12 /* SDWebImageDownloader.m */; };
		37107600158D3AA200871A12 /* SDWebImageManager.m in Sources */ = {isa = PBXBuildFile; fileRef = 371075F4158D3AA200871A12 /* SDWebImageManager.m */; };
		37107601158D3AA200871A12 /* SDWebImagePrefetcher.m in Sources */ = {isa = PBXBuildFile; fileRef = 371075F7158D3AA200871A12 /* SDWebImagePrefetcher.m */; };
		37107602158D3AA200871A12 /* UIButton+WebCache.m in Sources */ = {isa = PBXBuildFile; fileRef = 371075F9158D3AA200871A12 /* UIButton+WebCache.m */; };
		37107603158D3AA200871A12 /* UIImageView+WebCache.m in Sources */ = {isa = PBXBuildFile; fileRef = 371075FB158D3AA200871A12 /* UIImageView+WebCache.m */; };
		37107605158D3B4500871A12 /* ImageIO.framework in Frameworks */ = {isa = PBXBuildFile; fileRef = 37107604158D3B4500871A12 /* ImageIO.framework */; };
		37107607158D3BAD00871A12 /* MapKit.framework in Frameworks */ = {isa = PBXBuildFile; fileRef = 37107606158D3BAD00871A12 /* MapKit.framework */; };
		3710760F158D3D9D00871A12 /* WWONearbyViewController.m in Sources */ = {isa = PBXBuildFile; fileRef = 3710760E158D3D9D00871A12 /* WWONearbyViewController.m */; };
		37107610158D42BE00871A12 /* AQGridView.m in Sources */ = {isa = PBXBuildFile; fileRef = 371075C6158D39A600871A12 /* AQGridView.m */; };
		37107611158D42CC00871A12 /* AQGridViewCell.m in Sources */ = {isa = PBXBuildFile; fileRef = 371075C9158D39A600871A12 /* AQGridViewCell.m */; };
		37107612158D42CC00871A12 /* AQGridViewController.m in Sources */ = {isa = PBXBuildFile; fileRef = 371075CB158D39A600871A12 /* AQGridViewController.m */; };
		37107613158D42CC00871A12 /* AQGridViewData.m in Sources */ = {isa = PBXBuildFile; fileRef = 371075CD158D39A600871A12 /* AQGridViewData.m */; };
		37107614158D42CC00871A12 /* AQGridViewUpdateInfo.m in Sources */ = {isa = PBXBuildFile; fileRef = 371075CF158D39A600871A12 /* AQGridViewUpdateInfo.m */; };
		37107615158D42CC00871A12 /* AQGridViewUpdateItem.m in Sources */ = {isa = PBXBuildFile; fileRef = 371075D1158D39A600871A12 /* AQGridViewUpdateItem.m */; };
		37107616158D42CC00871A12 /* AQGridViewAnimatorItem.m in Sources */ = {isa = PBXBuildFile; fileRef = 371075D3158D39A600871A12 /* AQGridViewAnimatorItem.m */; };
		37107617158D42CC00871A12 /* UIColor+AQGridView.m in Sources */ = {isa = PBXBuildFile; fileRef = 371075D5158D39A600871A12 /* UIColor+AQGridView.m */; };
		37107618158D42CC00871A12 /* NSIndexSet+AQIsSetContiguous.m in Sources */ = {isa = PBXBuildFile; fileRef = 371075D7158D39A600871A12 /* NSIndexSet+AQIsSetContiguous.m */; };
		37107619158D42CC00871A12 /* NSIndexSet+AQIndexesOutsideSet.m in Sources */ = {isa = PBXBuildFile; fileRef = 371075D9158D39A600871A12 /* NSIndexSet+AQIndexesOutsideSet.m */; };
		3710761B158D430100871A12 /* QuartzCore.framework in Frameworks */ = {isa = PBXBuildFile; fileRef = 3710761A158D430100871A12 /* QuartzCore.framework */; };
		3710761D158D441E00871A12 /* WWONearbyViewController.xib in Resources */ = {isa = PBXBuildFile; fileRef = 3710761C158D441E00871A12 /* WWONearbyViewController.xib */; };
		37BD796E158D5CFB00B608DF /* WWONearbyGridViewCell.m in Sources */ = {isa = PBXBuildFile; fileRef = 37BD796D158D5CFB00B608DF /* WWONearbyGridViewCell.m */; };
		37BD7970158D613000B608DF /* header.png in Resources */ = {isa = PBXBuildFile; fileRef = 37BD796F158D613000B608DF /* header.png */; };
		37BD7973158D645900B608DF /* WWOUser.m in Sources */ = {isa = PBXBuildFile; fileRef = 37BD7972158D645900B608DF /* WWOUser.m */; };
		37C34A6B158E77210098A393 /* WWOApiManager.m in Sources */ = {isa = PBXBuildFile; fileRef = 37C34A6A158E77210098A393 /* WWOApiManager.m */; };
		37C34A76158F886A0098A393 /* Notification.m in Sources */ = {isa = PBXBuildFile; fileRef = 37C34A75158F886A0098A393 /* Notification.m */; };
		37C34A83158FB6D60098A393 /* WWOProfileViewController.m in Sources */ = {isa = PBXBuildFile; fileRef = 37C34A81158FB6D60098A393 /* WWOProfileViewController.m */; };
		37C34A84158FB6D60098A393 /* WWOProfileViewController.xib in Resources */ = {isa = PBXBuildFile; fileRef = 37C34A82158FB6D60098A393 /* WWOProfileViewController.xib */; };
		37F0F646158CD939005511CD /* UIKit.framework in Frameworks */ = {isa = PBXBuildFile; fileRef = 37F0F645158CD939005511CD /* UIKit.framework */; };
		37F0F648158CD939005511CD /* Foundation.framework in Frameworks */ = {isa = PBXBuildFile; fileRef = 37F0F647158CD939005511CD /* Foundation.framework */; };
		37F0F64A158CD939005511CD /* CoreGraphics.framework in Frameworks */ = {isa = PBXBuildFile; fileRef = 37F0F649158CD939005511CD /* CoreGraphics.framework */; };
		37F0F650158CD939005511CD /* InfoPlist.strings in Resources */ = {isa = PBXBuildFile; fileRef = 37F0F64E158CD939005511CD /* InfoPlist.strings */; };
		37F0F652158CD939005511CD /* main.m in Sources */ = {isa = PBXBuildFile; fileRef = 37F0F651158CD939005511CD /* main.m */; };
		37F0F656158CD939005511CD /* WWOAppDelegate.m in Sources */ = {isa = PBXBuildFile; fileRef = 37F0F655158CD939005511CD /* WWOAppDelegate.m */; };
		37F0F6D6158CF2C6005511CD /* ASIAuthenticationDialog.m in Sources */ = {isa = PBXBuildFile; fileRef = 37F0F67F158CF2C6005511CD /* ASIAuthenticationDialog.m */; };
		37F0F6D7158CF2C6005511CD /* ASIDataCompressor.m in Sources */ = {isa = PBXBuildFile; fileRef = 37F0F682158CF2C6005511CD /* ASIDataCompressor.m */; };
		37F0F6D8158CF2C6005511CD /* ASIDataDecompressor.m in Sources */ = {isa = PBXBuildFile; fileRef = 37F0F684158CF2C6005511CD /* ASIDataDecompressor.m */; };
		37F0F6D9158CF2C6005511CD /* ASIDownloadCache.m in Sources */ = {isa = PBXBuildFile; fileRef = 37F0F686158CF2C6005511CD /* ASIDownloadCache.m */; };
		37F0F6DA158CF2C6005511CD /* ASIFormDataRequest.m in Sources */ = {isa = PBXBuildFile; fileRef = 37F0F688158CF2C6005511CD /* ASIFormDataRequest.m */; };
		37F0F6DB158CF2C6005511CD /* ASIHTTPRequest.m in Sources */ = {isa = PBXBuildFile; fileRef = 37F0F68A158CF2C6005511CD /* ASIHTTPRequest.m */; };
		37F0F6DC158CF2C6005511CD /* ASIInputStream.m in Sources */ = {isa = PBXBuildFile; fileRef = 37F0F68E158CF2C6005511CD /* ASIInputStream.m */; };
		37F0F6DD158CF2C6005511CD /* ASINetworkQueue.m in Sources */ = {isa = PBXBuildFile; fileRef = 37F0F690158CF2C6005511CD /* ASINetworkQueue.m */; };
		37F0F6DF158CF2C6005511CD /* ASICloudFilesCDNRequest.m in Sources */ = {isa = PBXBuildFile; fileRef = 37F0F697158CF2C6005511CD /* ASICloudFilesCDNRequest.m */; };
		37F0F6E0158CF2C6005511CD /* ASICloudFilesContainer.m in Sources */ = {isa = PBXBuildFile; fileRef = 37F0F699158CF2C6005511CD /* ASICloudFilesContainer.m */; };
		37F0F6E1158CF2C6005511CD /* ASICloudFilesContainerRequest.m in Sources */ = {isa = PBXBuildFile; fileRef = 37F0F69B158CF2C6005511CD /* ASICloudFilesContainerRequest.m */; };
		37F0F6E2158CF2C6005511CD /* ASICloudFilesContainerXMLParserDelegate.m in Sources */ = {isa = PBXBuildFile; fileRef = 37F0F69D158CF2C6005511CD /* ASICloudFilesContainerXMLParserDelegate.m */; };
		37F0F6E3158CF2C6005511CD /* ASICloudFilesObject.m in Sources */ = {isa = PBXBuildFile; fileRef = 37F0F69F158CF2C6005511CD /* ASICloudFilesObject.m */; };
		37F0F6E4158CF2C6005511CD /* ASICloudFilesObjectRequest.m in Sources */ = {isa = PBXBuildFile; fileRef = 37F0F6A1158CF2C6005511CD /* ASICloudFilesObjectRequest.m */; };
		37F0F6E5158CF2C6005511CD /* ASICloudFilesRequest.m in Sources */ = {isa = PBXBuildFile; fileRef = 37F0F6A3158CF2C6005511CD /* ASICloudFilesRequest.m */; };
		37F0F6E6158CF2C6005511CD /* ASIS3Bucket.m in Sources */ = {isa = PBXBuildFile; fileRef = 37F0F6A7158CF2C6005511CD /* ASIS3Bucket.m */; };
		37F0F6E7158CF2C6005511CD /* ASIS3BucketObject.m in Sources */ = {isa = PBXBuildFile; fileRef = 37F0F6A9158CF2C6005511CD /* ASIS3BucketObject.m */; };
		37F0F6E8158CF2C6005511CD /* ASIS3BucketRequest.m in Sources */ = {isa = PBXBuildFile; fileRef = 37F0F6AB158CF2C6005511CD /* ASIS3BucketRequest.m */; };
		37F0F6E9158CF2C6005511CD /* ASIS3ObjectRequest.m in Sources */ = {isa = PBXBuildFile; fileRef = 37F0F6AD158CF2C6005511CD /* ASIS3ObjectRequest.m */; };
		37F0F6EA158CF2C6005511CD /* ASIS3Request.m in Sources */ = {isa = PBXBuildFile; fileRef = 37F0F6AF158CF2C6005511CD /* ASIS3Request.m */; };
		37F0F6EB158CF2C6005511CD /* ASIS3ServiceRequest.m in Sources */ = {isa = PBXBuildFile; fileRef = 37F0F6B1158CF2C6005511CD /* ASIS3ServiceRequest.m */; };
		37F0F6FB158CF2C6005511CD /* README-GHUnit in Resources */ = {isa = PBXBuildFile; fileRef = 37F0F6D2158CF2C6005511CD /* README-GHUnit */; };
		37F0F6FC158CF2C6005511CD /* Reachability.m in Sources */ = {isa = PBXBuildFile; fileRef = 37F0F6D5158CF2C6005511CD /* Reachability.m */; };
		37F0F6FE158CF30F005511CD /* CFNetwork.framework in Frameworks */ = {isa = PBXBuildFile; fileRef = 37F0F6FD158CF30F005511CD /* CFNetwork.framework */; };
		37F0F700158CF321005511CD /* SystemConfiguration.framework in Frameworks */ = {isa = PBXBuildFile; fileRef = 37F0F6FF158CF321005511CD /* SystemConfiguration.framework */; };
		37F0F702158CF32D005511CD /* MobileCoreServices.framework in Frameworks */ = {isa = PBXBuildFile; fileRef = 37F0F701158CF32D005511CD /* MobileCoreServices.framework */; };
		37F0F704158CF33D005511CD /* libz.dylib in Frameworks */ = {isa = PBXBuildFile; fileRef = 37F0F703158CF33D005511CD /* libz.dylib */; };
		37F0F706158CF3A0005511CD /* libxml2.dylib in Frameworks */ = {isa = PBXBuildFile; fileRef = 37F0F705158CF3A0005511CD /* libxml2.dylib */; };
		37F0F70E158CF4CD005511CD /* SFHFKeychainUtils.m in Sources */ = {isa = PBXBuildFile; fileRef = 37F0F70D158CF4CD005511CD /* SFHFKeychainUtils.m */; };
		37F0F710158CF501005511CD /* Security.framework in Frameworks */ = {isa = PBXBuildFile; fileRef = 37F0F70F158CF501005511CD /* Security.framework */; };
		37F0F718158CF7B0005511CD /* first.png in Resources */ = {isa = PBXBuildFile; fileRef = 37F0F714158CF7B0005511CD /* first.png */; };
		37F0F719158CF7B0005511CD /* first@2x.png in Resources */ = {isa = PBXBuildFile; fileRef = 37F0F715158CF7B0005511CD /* first@2x.png */; };
		37F0F71A158CF7B0005511CD /* second.png in Resources */ = {isa = PBXBuildFile; fileRef = 37F0F716158CF7B0005511CD /* second.png */; };
		37F0F71B158CF7B0005511CD /* second@2x.png in Resources */ = {isa = PBXBuildFile; fileRef = 37F0F717158CF7B0005511CD /* second@2x.png */; };
		37F0F725158CF7BA005511CD /* WWOMessagesViewController.m in Sources */ = {isa = PBXBuildFile; fileRef = 37F0F720158CF7BA005511CD /* WWOMessagesViewController.m */; };
		37F0F726158CF7BA005511CD /* WWOMessagesViewController.xib in Resources */ = {isa = PBXBuildFile; fileRef = 37F0F721158CF7BA005511CD /* WWOMessagesViewController.xib */; };
		37F0F728158D01F1005511CD /* JSONKit.m in Sources */ = {isa = PBXBuildFile; fileRef = 37F0F67B158CF1F6005511CD /* JSONKit.m */; };
		37F0F72D158D04C1005511CD /* WWOMessage.m in Sources */ = {isa = PBXBuildFile; fileRef = 37F0F72C158D04C1005511CD /* WWOMessage.m */; };
/* End PBXBuildFile section */

/* Begin PBXFileReference section */
		371075C3158D39A600871A12 /* AQGridView+CellLayout.h */ = {isa = PBXFileReference; lastKnownFileType = sourcecode.c.h; path = "AQGridView+CellLayout.h"; sourceTree = "<group>"; };
		371075C4158D39A600871A12 /* AQGridView+CellLocationDelegation.h */ = {isa = PBXFileReference; lastKnownFileType = sourcecode.c.h; path = "AQGridView+CellLocationDelegation.h"; sourceTree = "<group>"; };
		371075C5158D39A600871A12 /* AQGridView.h */ = {isa = PBXFileReference; lastKnownFileType = sourcecode.c.h; path = AQGridView.h; sourceTree = "<group>"; };
		371075C6158D39A600871A12 /* AQGridView.m */ = {isa = PBXFileReference; lastKnownFileType = sourcecode.c.objc; path = AQGridView.m; sourceTree = "<group>"; };
		371075C7158D39A600871A12 /* AQGridViewCell+AQGridViewCellPrivate.h */ = {isa = PBXFileReference; lastKnownFileType = sourcecode.c.h; path = "AQGridViewCell+AQGridViewCellPrivate.h"; sourceTree = "<group>"; };
		371075C8158D39A600871A12 /* AQGridViewCell.h */ = {isa = PBXFileReference; lastKnownFileType = sourcecode.c.h; path = AQGridViewCell.h; sourceTree = "<group>"; };
		371075C9158D39A600871A12 /* AQGridViewCell.m */ = {isa = PBXFileReference; lastKnownFileType = sourcecode.c.objc; path = AQGridViewCell.m; sourceTree = "<group>"; };
		371075CA158D39A600871A12 /* AQGridViewController.h */ = {isa = PBXFileReference; lastKnownFileType = sourcecode.c.h; path = AQGridViewController.h; sourceTree = "<group>"; };
		371075CB158D39A600871A12 /* AQGridViewController.m */ = {isa = PBXFileReference; lastKnownFileType = sourcecode.c.objc; path = AQGridViewController.m; sourceTree = "<group>"; };
		371075CC158D39A600871A12 /* AQGridViewData.h */ = {isa = PBXFileReference; lastKnownFileType = sourcecode.c.h; path = AQGridViewData.h; sourceTree = "<group>"; };
		371075CD158D39A600871A12 /* AQGridViewData.m */ = {isa = PBXFileReference; lastKnownFileType = sourcecode.c.objc; path = AQGridViewData.m; sourceTree = "<group>"; };
		371075CE158D39A600871A12 /* AQGridViewUpdateInfo.h */ = {isa = PBXFileReference; lastKnownFileType = sourcecode.c.h; path = AQGridViewUpdateInfo.h; sourceTree = "<group>"; };
		371075CF158D39A600871A12 /* AQGridViewUpdateInfo.m */ = {isa = PBXFileReference; lastKnownFileType = sourcecode.c.objc; path = AQGridViewUpdateInfo.m; sourceTree = "<group>"; };
		371075D0158D39A600871A12 /* AQGridViewUpdateItem.h */ = {isa = PBXFileReference; lastKnownFileType = sourcecode.c.h; path = AQGridViewUpdateItem.h; sourceTree = "<group>"; };
		371075D1158D39A600871A12 /* AQGridViewUpdateItem.m */ = {isa = PBXFileReference; lastKnownFileType = sourcecode.c.objc; path = AQGridViewUpdateItem.m; sourceTree = "<group>"; };
		371075D2158D39A600871A12 /* AQGridViewAnimatorItem.h */ = {isa = PBXFileReference; lastKnownFileType = sourcecode.c.h; path = AQGridViewAnimatorItem.h; sourceTree = "<group>"; };
		371075D3158D39A600871A12 /* AQGridViewAnimatorItem.m */ = {isa = PBXFileReference; lastKnownFileType = sourcecode.c.objc; path = AQGridViewAnimatorItem.m; sourceTree = "<group>"; };
		371075D4158D39A600871A12 /* UIColor+AQGridView.h */ = {isa = PBXFileReference; lastKnownFileType = sourcecode.c.h; path = "UIColor+AQGridView.h"; sourceTree = "<group>"; };
		371075D5158D39A600871A12 /* UIColor+AQGridView.m */ = {isa = PBXFileReference; lastKnownFileType = sourcecode.c.objc; path = "UIColor+AQGridView.m"; sourceTree = "<group>"; };
		371075D6158D39A600871A12 /* NSIndexSet+AQIsSetContiguous.h */ = {isa = PBXFileReference; lastKnownFileType = sourcecode.c.h; path = "NSIndexSet+AQIsSetContiguous.h"; sourceTree = "<group>"; };
		371075D7158D39A600871A12 /* NSIndexSet+AQIsSetContiguous.m */ = {isa = PBXFileReference; lastKnownFileType = sourcecode.c.objc; path = "NSIndexSet+AQIsSetContiguous.m"; sourceTree = "<group>"; };
		371075D8158D39A600871A12 /* NSIndexSet+AQIndexesOutsideSet.h */ = {isa = PBXFileReference; lastKnownFileType = sourcecode.c.h; path = "NSIndexSet+AQIndexesOutsideSet.h"; sourceTree = "<group>"; };
		371075D9158D39A600871A12 /* NSIndexSet+AQIndexesOutsideSet.m */ = {isa = PBXFileReference; lastKnownFileType = sourcecode.c.objc; path = "NSIndexSet+AQIndexesOutsideSet.m"; sourceTree = "<group>"; };
		371075DD158D3A3600871A12 /* AQGridSelection.png */ = {isa = PBXFileReference; lastKnownFileType = image.png; path = AQGridSelection.png; sourceTree = "<group>"; };
		371075DE158D3A3600871A12 /* AQGridSelectionGray.png */ = {isa = PBXFileReference; lastKnownFileType = image.png; path = AQGridSelectionGray.png; sourceTree = "<group>"; };
		371075DF158D3A3600871A12 /* AQGridSelectionGrayBlue.png */ = {isa = PBXFileReference; lastKnownFileType = image.png; path = AQGridSelectionGrayBlue.png; sourceTree = "<group>"; };
		371075E0158D3A3600871A12 /* AQGridSelectionGreen.png */ = {isa = PBXFileReference; lastKnownFileType = image.png; path = AQGridSelectionGreen.png; sourceTree = "<group>"; };
		371075E1158D3A3600871A12 /* AQGridSelectionRed.png */ = {isa = PBXFileReference; lastKnownFileType = image.png; path = AQGridSelectionRed.png; sourceTree = "<group>"; };
		371075E8158D3AA200871A12 /* MKAnnotationView+WebCache.h */ = {isa = PBXFileReference; fileEncoding = 4; lastKnownFileType = sourcecode.c.h; path = "MKAnnotationView+WebCache.h"; sourceTree = "<group>"; };
		371075E9158D3AA200871A12 /* MKAnnotationView+WebCache.m */ = {isa = PBXFileReference; fileEncoding = 4; lastKnownFileType = sourcecode.c.objc; path = "MKAnnotationView+WebCache.m"; sourceTree = "<group>"; };
		371075EA158D3AA200871A12 /* SDImageCache.h */ = {isa = PBXFileReference; fileEncoding = 4; lastKnownFileType = sourcecode.c.h; path = SDImageCache.h; sourceTree = "<group>"; };
		371075EB158D3AA200871A12 /* SDImageCache.m */ = {isa = PBXFileReference; fileEncoding = 4; lastKnownFileType = sourcecode.c.objc; path = SDImageCache.m; sourceTree = "<group>"; };
		371075EC158D3AA200871A12 /* SDImageCacheDelegate.h */ = {isa = PBXFileReference; fileEncoding = 4; lastKnownFileType = sourcecode.c.h; path = SDImageCacheDelegate.h; sourceTree = "<group>"; };
		371075ED158D3AA200871A12 /* SDWebImageCompat.h */ = {isa = PBXFileReference; fileEncoding = 4; lastKnownFileType = sourcecode.c.h; path = SDWebImageCompat.h; sourceTree = "<group>"; };
		371075EE158D3AA200871A12 /* SDWebImageDecoder.h */ = {isa = PBXFileReference; fileEncoding = 4; lastKnownFileType = sourcecode.c.h; path = SDWebImageDecoder.h; sourceTree = "<group>"; };
		371075EF158D3AA200871A12 /* SDWebImageDecoder.m */ = {isa = PBXFileReference; fileEncoding = 4; lastKnownFileType = sourcecode.c.objc; path = SDWebImageDecoder.m; sourceTree = "<group>"; };
		371075F0158D3AA200871A12 /* SDWebImageDownloader.h */ = {isa = PBXFileReference; fileEncoding = 4; lastKnownFileType = sourcecode.c.h; path = SDWebImageDownloader.h; sourceTree = "<group>"; };
		371075F1158D3AA200871A12 /* SDWebImageDownloader.m */ = {isa = PBXFileReference; fileEncoding = 4; lastKnownFileType = sourcecode.c.objc; path = SDWebImageDownloader.m; sourceTree = "<group>"; };
		371075F2158D3AA200871A12 /* SDWebImageDownloaderDelegate.h */ = {isa = PBXFileReference; fileEncoding = 4; lastKnownFileType = sourcecode.c.h; path = SDWebImageDownloaderDelegate.h; sourceTree = "<group>"; };
		371075F3158D3AA200871A12 /* SDWebImageManager.h */ = {isa = PBXFileReference; fileEncoding = 4; lastKnownFileType = sourcecode.c.h; path = SDWebImageManager.h; sourceTree = "<group>"; };
		371075F4158D3AA200871A12 /* SDWebImageManager.m */ = {isa = PBXFileReference; fileEncoding = 4; lastKnownFileType = sourcecode.c.objc; path = SDWebImageManager.m; sourceTree = "<group>"; };
		371075F5158D3AA200871A12 /* SDWebImageManagerDelegate.h */ = {isa = PBXFileReference; fileEncoding = 4; lastKnownFileType = sourcecode.c.h; path = SDWebImageManagerDelegate.h; sourceTree = "<group>"; };
		371075F6158D3AA200871A12 /* SDWebImagePrefetcher.h */ = {isa = PBXFileReference; fileEncoding = 4; lastKnownFileType = sourcecode.c.h; path = SDWebImagePrefetcher.h; sourceTree = "<group>"; };
		371075F7158D3AA200871A12 /* SDWebImagePrefetcher.m */ = {isa = PBXFileReference; fileEncoding = 4; lastKnownFileType = sourcecode.c.objc; path = SDWebImagePrefetcher.m; sourceTree = "<group>"; };
		371075F8158D3AA200871A12 /* UIButton+WebCache.h */ = {isa = PBXFileReference; fileEncoding = 4; lastKnownFileType = sourcecode.c.h; path = "UIButton+WebCache.h"; sourceTree = "<group>"; };
		371075F9158D3AA200871A12 /* UIButton+WebCache.m */ = {isa = PBXFileReference; fileEncoding = 4; lastKnownFileType = sourcecode.c.objc; path = "UIButton+WebCache.m"; sourceTree = "<group>"; };
		371075FA158D3AA200871A12 /* UIImageView+WebCache.h */ = {isa = PBXFileReference; fileEncoding = 4; lastKnownFileType = sourcecode.c.h; path = "UIImageView+WebCache.h"; sourceTree = "<group>"; };
		371075FB158D3AA200871A12 /* UIImageView+WebCache.m */ = {isa = PBXFileReference; fileEncoding = 4; lastKnownFileType = sourcecode.c.objc; path = "UIImageView+WebCache.m"; sourceTree = "<group>"; };
		37107604158D3B4500871A12 /* ImageIO.framework */ = {isa = PBXFileReference; lastKnownFileType = wrapper.framework; name = ImageIO.framework; path = System/Library/Frameworks/ImageIO.framework; sourceTree = SDKROOT; };
		37107606158D3BAD00871A12 /* MapKit.framework */ = {isa = PBXFileReference; lastKnownFileType = wrapper.framework; name = MapKit.framework; path = System/Library/Frameworks/MapKit.framework; sourceTree = SDKROOT; };
		3710760D158D3D9D00871A12 /* WWONearbyViewController.h */ = {isa = PBXFileReference; fileEncoding = 4; lastKnownFileType = sourcecode.c.h; path = WWONearbyViewController.h; sourceTree = "<group>"; };
		3710760E158D3D9D00871A12 /* WWONearbyViewController.m */ = {isa = PBXFileReference; fileEncoding = 4; lastKnownFileType = sourcecode.c.objc; path = WWONearbyViewController.m; sourceTree = "<group>"; };
		3710761A158D430100871A12 /* QuartzCore.framework */ = {isa = PBXFileReference; lastKnownFileType = wrapper.framework; name = QuartzCore.framework; path = System/Library/Frameworks/QuartzCore.framework; sourceTree = SDKROOT; };
		3710761C158D441E00871A12 /* WWONearbyViewController.xib */ = {isa = PBXFileReference; fileEncoding = 4; lastKnownFileType = file.xib; path = WWONearbyViewController.xib; sourceTree = "<group>"; };
		37BD796C158D5CFA00B608DF /* WWONearbyGridViewCell.h */ = {isa = PBXFileReference; fileEncoding = 4; lastKnownFileType = sourcecode.c.h; path = WWONearbyGridViewCell.h; sourceTree = "<group>"; };
		37BD796D158D5CFB00B608DF /* WWONearbyGridViewCell.m */ = {isa = PBXFileReference; fileEncoding = 4; lastKnownFileType = sourcecode.c.objc; path = WWONearbyGridViewCell.m; sourceTree = "<group>"; };
		37BD796F158D613000B608DF /* header.png */ = {isa = PBXFileReference; lastKnownFileType = image.png; path = header.png; sourceTree = "<group>"; };
		37BD7971158D645900B608DF /* WWOUser.h */ = {isa = PBXFileReference; fileEncoding = 4; lastKnownFileType = sourcecode.c.h; path = WWOUser.h; sourceTree = "<group>"; };
		37BD7972158D645900B608DF /* WWOUser.m */ = {isa = PBXFileReference; fileEncoding = 4; lastKnownFileType = sourcecode.c.objc; path = WWOUser.m; sourceTree = "<group>"; };
		37C34A69158E77210098A393 /* WWOApiManager.h */ = {isa = PBXFileReference; fileEncoding = 4; lastKnownFileType = sourcecode.c.h; path = WWOApiManager.h; sourceTree = "<group>"; };
		37C34A6A158E77210098A393 /* WWOApiManager.m */ = {isa = PBXFileReference; fileEncoding = 4; lastKnownFileType = sourcecode.c.objc; path = WWOApiManager.m; sourceTree = "<group>"; };
		37C34A70158E84AB0098A393 /* WWOAsDictionary.h */ = {isa = PBXFileReference; fileEncoding = 4; lastKnownFileType = sourcecode.c.h; path = WWOAsDictionary.h; sourceTree = "<group>"; };
		37C34A74158F886A0098A393 /* Notification.h */ = {isa = PBXFileReference; fileEncoding = 4; lastKnownFileType = sourcecode.c.h; path = Notification.h; sourceTree = "<group>"; };
		37C34A75158F886A0098A393 /* Notification.m */ = {isa = PBXFileReference; fileEncoding = 4; lastKnownFileType = sourcecode.c.objc; path = Notification.m; sourceTree = "<group>"; };
		37C34A80158FB6D60098A393 /* WWOProfileViewController.h */ = {isa = PBXFileReference; fileEncoding = 4; lastKnownFileType = sourcecode.c.h; path = WWOProfileViewController.h; sourceTree = "<group>"; };
		37C34A81158FB6D60098A393 /* WWOProfileViewController.m */ = {isa = PBXFileReference; fileEncoding = 4; lastKnownFileType = sourcecode.c.objc; path = WWOProfileViewController.m; sourceTree = "<group>"; };
		37C34A82158FB6D60098A393 /* WWOProfileViewController.xib */ = {isa = PBXFileReference; fileEncoding = 4; lastKnownFileType = file.xib; path = WWOProfileViewController.xib; sourceTree = "<group>"; };
		37F0F641158CD939005511CD /* NightOut.app */ = {isa = PBXFileReference; explicitFileType = wrapper.application; includeInIndex = 0; path = NightOut.app; sourceTree = BUILT_PRODUCTS_DIR; };
		37F0F645158CD939005511CD /* UIKit.framework */ = {isa = PBXFileReference; lastKnownFileType = wrapper.framework; name = UIKit.framework; path = System/Library/Frameworks/UIKit.framework; sourceTree = SDKROOT; };
		37F0F647158CD939005511CD /* Foundation.framework */ = {isa = PBXFileReference; lastKnownFileType = wrapper.framework; name = Foundation.framework; path = System/Library/Frameworks/Foundation.framework; sourceTree = SDKROOT; };
		37F0F649158CD939005511CD /* CoreGraphics.framework */ = {isa = PBXFileReference; lastKnownFileType = wrapper.framework; name = CoreGraphics.framework; path = System/Library/Frameworks/CoreGraphics.framework; sourceTree = SDKROOT; };
		37F0F64D158CD939005511CD /* NightOut-Info.plist */ = {isa = PBXFileReference; lastKnownFileType = text.plist.xml; path = "NightOut-Info.plist"; sourceTree = "<group>"; };
		37F0F64F158CD939005511CD /* en */ = {isa = PBXFileReference; lastKnownFileType = text.plist.strings; name = en; path = en.lproj/InfoPlist.strings; sourceTree = "<group>"; };
		37F0F651158CD939005511CD /* main.m */ = {isa = PBXFileReference; lastKnownFileType = sourcecode.c.objc; path = main.m; sourceTree = "<group>"; };
		37F0F653158CD939005511CD /* NightOut-Prefix.pch */ = {isa = PBXFileReference; lastKnownFileType = sourcecode.c.h; path = "NightOut-Prefix.pch"; sourceTree = "<group>"; };
		37F0F654158CD939005511CD /* WWOAppDelegate.h */ = {isa = PBXFileReference; lastKnownFileType = sourcecode.c.h; path = WWOAppDelegate.h; sourceTree = "<group>"; };
		37F0F655158CD939005511CD /* WWOAppDelegate.m */ = {isa = PBXFileReference; lastKnownFileType = sourcecode.c.objc; path = WWOAppDelegate.m; sourceTree = "<group>"; };
		37F0F67A158CF1F6005511CD /* JSONKit.h */ = {isa = PBXFileReference; lastKnownFileType = sourcecode.c.h; path = JSONKit.h; sourceTree = "<group>"; };
		37F0F67B158CF1F6005511CD /* JSONKit.m */ = {isa = PBXFileReference; lastKnownFileType = sourcecode.c.objc; path = JSONKit.m; sourceTree = "<group>"; };
		37F0F67E158CF2C6005511CD /* ASIAuthenticationDialog.h */ = {isa = PBXFileReference; fileEncoding = 4; lastKnownFileType = sourcecode.c.h; path = ASIAuthenticationDialog.h; sourceTree = "<group>"; };
		37F0F67F158CF2C6005511CD /* ASIAuthenticationDialog.m */ = {isa = PBXFileReference; fileEncoding = 4; lastKnownFileType = sourcecode.c.objc; path = ASIAuthenticationDialog.m; sourceTree = "<group>"; };
		37F0F680158CF2C6005511CD /* ASICacheDelegate.h */ = {isa = PBXFileReference; fileEncoding = 4; lastKnownFileType = sourcecode.c.h; path = ASICacheDelegate.h; sourceTree = "<group>"; };
		37F0F681158CF2C6005511CD /* ASIDataCompressor.h */ = {isa = PBXFileReference; fileEncoding = 4; lastKnownFileType = sourcecode.c.h; path = ASIDataCompressor.h; sourceTree = "<group>"; };
		37F0F682158CF2C6005511CD /* ASIDataCompressor.m */ = {isa = PBXFileReference; fileEncoding = 4; lastKnownFileType = sourcecode.c.objc; path = ASIDataCompressor.m; sourceTree = "<group>"; };
		37F0F683158CF2C6005511CD /* ASIDataDecompressor.h */ = {isa = PBXFileReference; fileEncoding = 4; lastKnownFileType = sourcecode.c.h; path = ASIDataDecompressor.h; sourceTree = "<group>"; };
		37F0F684158CF2C6005511CD /* ASIDataDecompressor.m */ = {isa = PBXFileReference; fileEncoding = 4; lastKnownFileType = sourcecode.c.objc; path = ASIDataDecompressor.m; sourceTree = "<group>"; };
		37F0F685158CF2C6005511CD /* ASIDownloadCache.h */ = {isa = PBXFileReference; fileEncoding = 4; lastKnownFileType = sourcecode.c.h; path = ASIDownloadCache.h; sourceTree = "<group>"; };
		37F0F686158CF2C6005511CD /* ASIDownloadCache.m */ = {isa = PBXFileReference; fileEncoding = 4; lastKnownFileType = sourcecode.c.objc; path = ASIDownloadCache.m; sourceTree = "<group>"; };
		37F0F687158CF2C6005511CD /* ASIFormDataRequest.h */ = {isa = PBXFileReference; fileEncoding = 4; lastKnownFileType = sourcecode.c.h; path = ASIFormDataRequest.h; sourceTree = "<group>"; };
		37F0F688158CF2C6005511CD /* ASIFormDataRequest.m */ = {isa = PBXFileReference; fileEncoding = 4; lastKnownFileType = sourcecode.c.objc; path = ASIFormDataRequest.m; sourceTree = "<group>"; };
		37F0F689158CF2C6005511CD /* ASIHTTPRequest.h */ = {isa = PBXFileReference; fileEncoding = 4; lastKnownFileType = sourcecode.c.h; path = ASIHTTPRequest.h; sourceTree = "<group>"; };
		37F0F68A158CF2C6005511CD /* ASIHTTPRequest.m */ = {isa = PBXFileReference; fileEncoding = 4; lastKnownFileType = sourcecode.c.objc; path = ASIHTTPRequest.m; sourceTree = "<group>"; };
		37F0F68B158CF2C6005511CD /* ASIHTTPRequestConfig.h */ = {isa = PBXFileReference; fileEncoding = 4; lastKnownFileType = sourcecode.c.h; path = ASIHTTPRequestConfig.h; sourceTree = "<group>"; };
		37F0F68C158CF2C6005511CD /* ASIHTTPRequestDelegate.h */ = {isa = PBXFileReference; fileEncoding = 4; lastKnownFileType = sourcecode.c.h; path = ASIHTTPRequestDelegate.h; sourceTree = "<group>"; };
		37F0F68D158CF2C6005511CD /* ASIInputStream.h */ = {isa = PBXFileReference; fileEncoding = 4; lastKnownFileType = sourcecode.c.h; path = ASIInputStream.h; sourceTree = "<group>"; };
		37F0F68E158CF2C6005511CD /* ASIInputStream.m */ = {isa = PBXFileReference; fileEncoding = 4; lastKnownFileType = sourcecode.c.objc; path = ASIInputStream.m; sourceTree = "<group>"; };
		37F0F68F158CF2C6005511CD /* ASINetworkQueue.h */ = {isa = PBXFileReference; fileEncoding = 4; lastKnownFileType = sourcecode.c.h; path = ASINetworkQueue.h; sourceTree = "<group>"; };
		37F0F690158CF2C6005511CD /* ASINetworkQueue.m */ = {isa = PBXFileReference; fileEncoding = 4; lastKnownFileType = sourcecode.c.objc; path = ASINetworkQueue.m; sourceTree = "<group>"; };
		37F0F691158CF2C6005511CD /* ASIProgressDelegate.h */ = {isa = PBXFileReference; fileEncoding = 4; lastKnownFileType = sourcecode.c.h; path = ASIProgressDelegate.h; sourceTree = "<group>"; };
		37F0F696158CF2C6005511CD /* ASICloudFilesCDNRequest.h */ = {isa = PBXFileReference; fileEncoding = 4; lastKnownFileType = sourcecode.c.h; path = ASICloudFilesCDNRequest.h; sourceTree = "<group>"; };
		37F0F697158CF2C6005511CD /* ASICloudFilesCDNRequest.m */ = {isa = PBXFileReference; fileEncoding = 4; lastKnownFileType = sourcecode.c.objc; path = ASICloudFilesCDNRequest.m; sourceTree = "<group>"; };
		37F0F698158CF2C6005511CD /* ASICloudFilesContainer.h */ = {isa = PBXFileReference; fileEncoding = 4; lastKnownFileType = sourcecode.c.h; path = ASICloudFilesContainer.h; sourceTree = "<group>"; };
		37F0F699158CF2C6005511CD /* ASICloudFilesContainer.m */ = {isa = PBXFileReference; fileEncoding = 4; lastKnownFileType = sourcecode.c.objc; path = ASICloudFilesContainer.m; sourceTree = "<group>"; };
		37F0F69A158CF2C6005511CD /* ASICloudFilesContainerRequest.h */ = {isa = PBXFileReference; fileEncoding = 4; lastKnownFileType = sourcecode.c.h; path = ASICloudFilesContainerRequest.h; sourceTree = "<group>"; };
		37F0F69B158CF2C6005511CD /* ASICloudFilesContainerRequest.m */ = {isa = PBXFileReference; fileEncoding = 4; lastKnownFileType = sourcecode.c.objc; path = ASICloudFilesContainerRequest.m; sourceTree = "<group>"; };
		37F0F69C158CF2C6005511CD /* ASICloudFilesContainerXMLParserDelegate.h */ = {isa = PBXFileReference; fileEncoding = 4; lastKnownFileType = sourcecode.c.h; path = ASICloudFilesContainerXMLParserDelegate.h; sourceTree = "<group>"; };
		37F0F69D158CF2C6005511CD /* ASICloudFilesContainerXMLParserDelegate.m */ = {isa = PBXFileReference; fileEncoding = 4; lastKnownFileType = sourcecode.c.objc; path = ASICloudFilesContainerXMLParserDelegate.m; sourceTree = "<group>"; };
		37F0F69E158CF2C6005511CD /* ASICloudFilesObject.h */ = {isa = PBXFileReference; fileEncoding = 4; lastKnownFileType = sourcecode.c.h; path = ASICloudFilesObject.h; sourceTree = "<group>"; };
		37F0F69F158CF2C6005511CD /* ASICloudFilesObject.m */ = {isa = PBXFileReference; fileEncoding = 4; lastKnownFileType = sourcecode.c.objc; path = ASICloudFilesObject.m; sourceTree = "<group>"; };
		37F0F6A0158CF2C6005511CD /* ASICloudFilesObjectRequest.h */ = {isa = PBXFileReference; fileEncoding = 4; lastKnownFileType = sourcecode.c.h; path = ASICloudFilesObjectRequest.h; sourceTree = "<group>"; };
		37F0F6A1158CF2C6005511CD /* ASICloudFilesObjectRequest.m */ = {isa = PBXFileReference; fileEncoding = 4; lastKnownFileType = sourcecode.c.objc; path = ASICloudFilesObjectRequest.m; sourceTree = "<group>"; };
		37F0F6A2158CF2C6005511CD /* ASICloudFilesRequest.h */ = {isa = PBXFileReference; fileEncoding = 4; lastKnownFileType = sourcecode.c.h; path = ASICloudFilesRequest.h; sourceTree = "<group>"; };
		37F0F6A3158CF2C6005511CD /* ASICloudFilesRequest.m */ = {isa = PBXFileReference; fileEncoding = 4; lastKnownFileType = sourcecode.c.objc; path = ASICloudFilesRequest.m; sourceTree = "<group>"; };
		37F0F6A5158CF2C6005511CD /* ASINSXMLParserCompat.h */ = {isa = PBXFileReference; fileEncoding = 4; lastKnownFileType = sourcecode.c.h; path = ASINSXMLParserCompat.h; sourceTree = "<group>"; };
		37F0F6A6158CF2C6005511CD /* ASIS3Bucket.h */ = {isa = PBXFileReference; fileEncoding = 4; lastKnownFileType = sourcecode.c.h; path = ASIS3Bucket.h; sourceTree = "<group>"; };
		37F0F6A7158CF2C6005511CD /* ASIS3Bucket.m */ = {isa = PBXFileReference; fileEncoding = 4; lastKnownFileType = sourcecode.c.objc; path = ASIS3Bucket.m; sourceTree = "<group>"; };
		37F0F6A8158CF2C6005511CD /* ASIS3BucketObject.h */ = {isa = PBXFileReference; fileEncoding = 4; lastKnownFileType = sourcecode.c.h; path = ASIS3BucketObject.h; sourceTree = "<group>"; };
		37F0F6A9158CF2C6005511CD /* ASIS3BucketObject.m */ = {isa = PBXFileReference; fileEncoding = 4; lastKnownFileType = sourcecode.c.objc; path = ASIS3BucketObject.m; sourceTree = "<group>"; };
		37F0F6AA158CF2C6005511CD /* ASIS3BucketRequest.h */ = {isa = PBXFileReference; fileEncoding = 4; lastKnownFileType = sourcecode.c.h; path = ASIS3BucketRequest.h; sourceTree = "<group>"; };
		37F0F6AB158CF2C6005511CD /* ASIS3BucketRequest.m */ = {isa = PBXFileReference; fileEncoding = 4; lastKnownFileType = sourcecode.c.objc; path = ASIS3BucketRequest.m; sourceTree = "<group>"; };
		37F0F6AC158CF2C6005511CD /* ASIS3ObjectRequest.h */ = {isa = PBXFileReference; fileEncoding = 4; lastKnownFileType = sourcecode.c.h; path = ASIS3ObjectRequest.h; sourceTree = "<group>"; };
		37F0F6AD158CF2C6005511CD /* ASIS3ObjectRequest.m */ = {isa = PBXFileReference; fileEncoding = 4; lastKnownFileType = sourcecode.c.objc; path = ASIS3ObjectRequest.m; sourceTree = "<group>"; };
		37F0F6AE158CF2C6005511CD /* ASIS3Request.h */ = {isa = PBXFileReference; fileEncoding = 4; lastKnownFileType = sourcecode.c.h; path = ASIS3Request.h; sourceTree = "<group>"; };
		37F0F6AF158CF2C6005511CD /* ASIS3Request.m */ = {isa = PBXFileReference; fileEncoding = 4; lastKnownFileType = sourcecode.c.objc; path = ASIS3Request.m; sourceTree = "<group>"; };
		37F0F6B0158CF2C6005511CD /* ASIS3ServiceRequest.h */ = {isa = PBXFileReference; fileEncoding = 4; lastKnownFileType = sourcecode.c.h; path = ASIS3ServiceRequest.h; sourceTree = "<group>"; };
		37F0F6B1158CF2C6005511CD /* ASIS3ServiceRequest.m */ = {isa = PBXFileReference; fileEncoding = 4; lastKnownFileType = sourcecode.c.objc; path = ASIS3ServiceRequest.m; sourceTree = "<group>"; };
		37F0F6D2158CF2C6005511CD /* README-GHUnit */ = {isa = PBXFileReference; fileEncoding = 4; lastKnownFileType = text; path = "README-GHUnit"; sourceTree = "<group>"; };
		37F0F6D4158CF2C6005511CD /* Reachability.h */ = {isa = PBXFileReference; fileEncoding = 4; lastKnownFileType = sourcecode.c.h; path = Reachability.h; sourceTree = "<group>"; };
		37F0F6D5158CF2C6005511CD /* Reachability.m */ = {isa = PBXFileReference; fileEncoding = 4; lastKnownFileType = sourcecode.c.objc; path = Reachability.m; sourceTree = "<group>"; };
		37F0F6FD158CF30F005511CD /* CFNetwork.framework */ = {isa = PBXFileReference; lastKnownFileType = wrapper.framework; name = CFNetwork.framework; path = System/Library/Frameworks/CFNetwork.framework; sourceTree = SDKROOT; };
		37F0F6FF158CF321005511CD /* SystemConfiguration.framework */ = {isa = PBXFileReference; lastKnownFileType = wrapper.framework; name = SystemConfiguration.framework; path = System/Library/Frameworks/SystemConfiguration.framework; sourceTree = SDKROOT; };
		37F0F701158CF32D005511CD /* MobileCoreServices.framework */ = {isa = PBXFileReference; lastKnownFileType = wrapper.framework; name = MobileCoreServices.framework; path = System/Library/Frameworks/MobileCoreServices.framework; sourceTree = SDKROOT; };
		37F0F703158CF33D005511CD /* libz.dylib */ = {isa = PBXFileReference; lastKnownFileType = "compiled.mach-o.dylib"; name = libz.dylib; path = usr/lib/libz.dylib; sourceTree = SDKROOT; };
		37F0F705158CF3A0005511CD /* libxml2.dylib */ = {isa = PBXFileReference; lastKnownFileType = "compiled.mach-o.dylib"; name = libxml2.dylib; path = usr/lib/libxml2.dylib; sourceTree = SDKROOT; };
		37F0F70C158CF4CD005511CD /* SFHFKeychainUtils.h */ = {isa = PBXFileReference; fileEncoding = 4; lastKnownFileType = sourcecode.c.h; path = SFHFKeychainUtils.h; sourceTree = "<group>"; };
		37F0F70D158CF4CD005511CD /* SFHFKeychainUtils.m */ = {isa = PBXFileReference; fileEncoding = 4; lastKnownFileType = sourcecode.c.objc; path = SFHFKeychainUtils.m; sourceTree = "<group>"; };
		37F0F70F158CF501005511CD /* Security.framework */ = {isa = PBXFileReference; lastKnownFileType = wrapper.framework; name = Security.framework; path = System/Library/Frameworks/Security.framework; sourceTree = SDKROOT; };
		37F0F714158CF7B0005511CD /* first.png */ = {isa = PBXFileReference; lastKnownFileType = image.png; path = first.png; sourceTree = "<group>"; };
		37F0F715158CF7B0005511CD /* first@2x.png */ = {isa = PBXFileReference; lastKnownFileType = image.png; path = "first@2x.png"; sourceTree = "<group>"; };
		37F0F716158CF7B0005511CD /* second.png */ = {isa = PBXFileReference; lastKnownFileType = image.png; path = second.png; sourceTree = "<group>"; };
		37F0F717158CF7B0005511CD /* second@2x.png */ = {isa = PBXFileReference; lastKnownFileType = image.png; path = "second@2x.png"; sourceTree = "<group>"; };
		37F0F71F158CF7BA005511CD /* WWOMessagesViewController.h */ = {isa = PBXFileReference; fileEncoding = 4; lastKnownFileType = sourcecode.c.h; path = WWOMessagesViewController.h; sourceTree = "<group>"; };
		37F0F720158CF7BA005511CD /* WWOMessagesViewController.m */ = {isa = PBXFileReference; fileEncoding = 4; lastKnownFileType = sourcecode.c.objc; path = WWOMessagesViewController.m; sourceTree = "<group>"; };
		37F0F721158CF7BA005511CD /* WWOMessagesViewController.xib */ = {isa = PBXFileReference; fileEncoding = 4; lastKnownFileType = file.xib; path = WWOMessagesViewController.xib; sourceTree = "<group>"; };
		37F0F72B158D04C1005511CD /* WWOMessage.h */ = {isa = PBXFileReference; fileEncoding = 4; lastKnownFileType = sourcecode.c.h; path = WWOMessage.h; sourceTree = "<group>"; };
		37F0F72C158D04C1005511CD /* WWOMessage.m */ = {isa = PBXFileReference; fileEncoding = 4; lastKnownFileType = sourcecode.c.objc; path = WWOMessage.m; sourceTree = "<group>"; };
/* End PBXFileReference section */

/* Begin PBXFrameworksBuildPhase section */
		37F0F63E158CD939005511CD /* Frameworks */ = {
			isa = PBXFrameworksBuildPhase;
			buildActionMask = 2147483647;
			files = (
				3710761B158D430100871A12 /* QuartzCore.framework in Frameworks */,
				37107607158D3BAD00871A12 /* MapKit.framework in Frameworks */,
				37107605158D3B4500871A12 /* ImageIO.framework in Frameworks */,
				37F0F710158CF501005511CD /* Security.framework in Frameworks */,
				37F0F706158CF3A0005511CD /* libxml2.dylib in Frameworks */,
				37F0F704158CF33D005511CD /* libz.dylib in Frameworks */,
				37F0F702158CF32D005511CD /* MobileCoreServices.framework in Frameworks */,
				37F0F700158CF321005511CD /* SystemConfiguration.framework in Frameworks */,
				37F0F6FE158CF30F005511CD /* CFNetwork.framework in Frameworks */,
				37F0F646158CD939005511CD /* UIKit.framework in Frameworks */,
				37F0F648158CD939005511CD /* Foundation.framework in Frameworks */,
				37F0F64A158CD939005511CD /* CoreGraphics.framework in Frameworks */,
			);
			runOnlyForDeploymentPostprocessing = 0;
		};
/* End PBXFrameworksBuildPhase section */

/* Begin PBXGroup section */
		371075C2158D398B00871A12 /* GridView */ = {
			isa = PBXGroup;
			children = (
				371075C3158D39A600871A12 /* AQGridView+CellLayout.h */,
				371075C4158D39A600871A12 /* AQGridView+CellLocationDelegation.h */,
				371075C5158D39A600871A12 /* AQGridView.h */,
				371075C6158D39A600871A12 /* AQGridView.m */,
				371075C7158D39A600871A12 /* AQGridViewCell+AQGridViewCellPrivate.h */,
				371075C8158D39A600871A12 /* AQGridViewCell.h */,
				371075C9158D39A600871A12 /* AQGridViewCell.m */,
				371075CA158D39A600871A12 /* AQGridViewController.h */,
				371075CB158D39A600871A12 /* AQGridViewController.m */,
				371075CC158D39A600871A12 /* AQGridViewData.h */,
				371075CD158D39A600871A12 /* AQGridViewData.m */,
				371075CE158D39A600871A12 /* AQGridViewUpdateInfo.h */,
				371075CF158D39A600871A12 /* AQGridViewUpdateInfo.m */,
				371075D0158D39A600871A12 /* AQGridViewUpdateItem.h */,
				371075D1158D39A600871A12 /* AQGridViewUpdateItem.m */,
				371075D2158D39A600871A12 /* AQGridViewAnimatorItem.h */,
				371075D3158D39A600871A12 /* AQGridViewAnimatorItem.m */,
				371075D4158D39A600871A12 /* UIColor+AQGridView.h */,
				371075D5158D39A600871A12 /* UIColor+AQGridView.m */,
				371075D6158D39A600871A12 /* NSIndexSet+AQIsSetContiguous.h */,
				371075D7158D39A600871A12 /* NSIndexSet+AQIsSetContiguous.m */,
				371075D8158D39A600871A12 /* NSIndexSet+AQIndexesOutsideSet.h */,
				371075D9158D39A600871A12 /* NSIndexSet+AQIndexesOutsideSet.m */,
			);
			path = GridView;
			sourceTree = "<group>";
		};
		371075DC158D3A0900871A12 /* GridView */ = {
			isa = PBXGroup;
			children = (
				371075DD158D3A3600871A12 /* AQGridSelection.png */,
				371075DE158D3A3600871A12 /* AQGridSelectionGray.png */,
				371075DF158D3A3600871A12 /* AQGridSelectionGrayBlue.png */,
				371075E0158D3A3600871A12 /* AQGridSelectionGreen.png */,
				371075E1158D3A3600871A12 /* AQGridSelectionRed.png */,
			);
			path = GridView;
			sourceTree = "<group>";
		};
		371075E7158D3AA200871A12 /* SDWebImage */ = {
			isa = PBXGroup;
			children = (
				371075E8158D3AA200871A12 /* MKAnnotationView+WebCache.h */,
				371075E9158D3AA200871A12 /* MKAnnotationView+WebCache.m */,
				371075EA158D3AA200871A12 /* SDImageCache.h */,
				371075EB158D3AA200871A12 /* SDImageCache.m */,
				371075EC158D3AA200871A12 /* SDImageCacheDelegate.h */,
				371075ED158D3AA200871A12 /* SDWebImageCompat.h */,
				371075EE158D3AA200871A12 /* SDWebImageDecoder.h */,
				371075EF158D3AA200871A12 /* SDWebImageDecoder.m */,
				371075F0158D3AA200871A12 /* SDWebImageDownloader.h */,
				371075F1158D3AA200871A12 /* SDWebImageDownloader.m */,
				371075F2158D3AA200871A12 /* SDWebImageDownloaderDelegate.h */,
				371075F3158D3AA200871A12 /* SDWebImageManager.h */,
				371075F4158D3AA200871A12 /* SDWebImageManager.m */,
				371075F5158D3AA200871A12 /* SDWebImageManagerDelegate.h */,
				371075F6158D3AA200871A12 /* SDWebImagePrefetcher.h */,
				371075F7158D3AA200871A12 /* SDWebImagePrefetcher.m */,
				371075F8158D3AA200871A12 /* UIButton+WebCache.h */,
				371075F9158D3AA200871A12 /* UIButton+WebCache.m */,
				371075FA158D3AA200871A12 /* UIImageView+WebCache.h */,
				371075FB158D3AA200871A12 /* UIImageView+WebCache.m */,
			);
			path = SDWebImage;
			sourceTree = "<group>";
		};
		37C34A68158E77210098A393 /* API */ = {
			isa = PBXGroup;
			children = (
				37C34A69158E77210098A393 /* WWOApiManager.h */,
				37C34A6A158E77210098A393 /* WWOApiManager.m */,
			);
			path = API;
			sourceTree = "<group>";
		};
		37F0F636158CD939005511CD = {
			isa = PBXGroup;
			children = (
				37F0F64B158CD939005511CD /* NightOut */,
				37F0F644158CD939005511CD /* Frameworks */,
				37F0F642158CD939005511CD /* Products */,
			);
			sourceTree = "<group>";
		};
		37F0F642158CD939005511CD /* Products */ = {
			isa = PBXGroup;
			children = (
				37F0F641158CD939005511CD /* NightOut.app */,
			);
			name = Products;
			sourceTree = "<group>";
		};
		37F0F644158CD939005511CD /* Frameworks */ = {
			isa = PBXGroup;
			children = (
				3710761A158D430100871A12 /* QuartzCore.framework */,
				37107606158D3BAD00871A12 /* MapKit.framework */,
				37107604158D3B4500871A12 /* ImageIO.framework */,
				37F0F70F158CF501005511CD /* Security.framework */,
				37F0F705158CF3A0005511CD /* libxml2.dylib */,
				37F0F703158CF33D005511CD /* libz.dylib */,
				37F0F701158CF32D005511CD /* MobileCoreServices.framework */,
				37F0F6FF158CF321005511CD /* SystemConfiguration.framework */,
				37F0F6FD158CF30F005511CD /* CFNetwork.framework */,
				37F0F645158CD939005511CD /* UIKit.framework */,
				37F0F647158CD939005511CD /* Foundation.framework */,
				37F0F649158CD939005511CD /* CoreGraphics.framework */,
			);
			name = Frameworks;
			sourceTree = "<group>";
		};
		37F0F64B158CD939005511CD /* NightOut */ = {
			isa = PBXGroup;
			children = (
				37C34A68158E77210098A393 /* API */,
				371075E7158D3AA200871A12 /* SDWebImage */,
				37F0F72A158D042C005511CD /* Models */,
				37F0F729158D0421005511CD /* Views */,
				37F0F71C158CF7BA005511CD /* ViewControllers */,
				37F0F713158CF7B0005511CD /* Resources */,
				37F0F70B158CF4CD005511CD /* Security */,
				37F0F67C158CF2C6005511CD /* ASIHttp */,
				37F0F679158CF1E7005511CD /* JSONKit */,
				37F0F654158CD939005511CD /* WWOAppDelegate.h */,
				37F0F655158CD939005511CD /* WWOAppDelegate.m */,
				37F0F64C158CD939005511CD /* Supporting Files */,
				37C34A74158F886A0098A393 /* Notification.h */,
				37C34A75158F886A0098A393 /* Notification.m */,
			);
			path = NightOut;
			sourceTree = "<group>";
		};
		37F0F64C158CD939005511CD /* Supporting Files */ = {
			isa = PBXGroup;
			children = (
				37F0F64D158CD939005511CD /* NightOut-Info.plist */,
				37F0F64E158CD939005511CD /* InfoPlist.strings */,
				37F0F651158CD939005511CD /* main.m */,
				37F0F653158CD939005511CD /* NightOut-Prefix.pch */,
			);
			name = "Supporting Files";
			sourceTree = "<group>";
		};
		37F0F679158CF1E7005511CD /* JSONKit */ = {
			isa = PBXGroup;
			children = (
				37F0F67A158CF1F6005511CD /* JSONKit.h */,
				37F0F67B158CF1F6005511CD /* JSONKit.m */,
			);
			path = JSONKit;
			sourceTree = "<group>";
		};
		37F0F67C158CF2C6005511CD /* ASIHttp */ = {
			isa = PBXGroup;
			children = (
				37F0F67D158CF2C6005511CD /* Classes */,
				37F0F6D0158CF2C6005511CD /* External */,
			);
			path = ASIHttp;
			sourceTree = "<group>";
		};
		37F0F67D158CF2C6005511CD /* Classes */ = {
			isa = PBXGroup;
			children = (
				37F0F67E158CF2C6005511CD /* ASIAuthenticationDialog.h */,
				37F0F67F158CF2C6005511CD /* ASIAuthenticationDialog.m */,
				37F0F680158CF2C6005511CD /* ASICacheDelegate.h */,
				37F0F681158CF2C6005511CD /* ASIDataCompressor.h */,
				37F0F682158CF2C6005511CD /* ASIDataCompressor.m */,
				37F0F683158CF2C6005511CD /* ASIDataDecompressor.h */,
				37F0F684158CF2C6005511CD /* ASIDataDecompressor.m */,
				37F0F685158CF2C6005511CD /* ASIDownloadCache.h */,
				37F0F686158CF2C6005511CD /* ASIDownloadCache.m */,
				37F0F687158CF2C6005511CD /* ASIFormDataRequest.h */,
				37F0F688158CF2C6005511CD /* ASIFormDataRequest.m */,
				37F0F689158CF2C6005511CD /* ASIHTTPRequest.h */,
				37F0F68A158CF2C6005511CD /* ASIHTTPRequest.m */,
				37F0F68B158CF2C6005511CD /* ASIHTTPRequestConfig.h */,
				37F0F68C158CF2C6005511CD /* ASIHTTPRequestDelegate.h */,
				37F0F68D158CF2C6005511CD /* ASIInputStream.h */,
				37F0F68E158CF2C6005511CD /* ASIInputStream.m */,
				37F0F68F158CF2C6005511CD /* ASINetworkQueue.h */,
				37F0F690158CF2C6005511CD /* ASINetworkQueue.m */,
				37F0F691158CF2C6005511CD /* ASIProgressDelegate.h */,
				37F0F695158CF2C6005511CD /* CloudFiles */,
				37F0F6A4158CF2C6005511CD /* S3 */,
			);
			path = Classes;
			sourceTree = "<group>";
		};
		37F0F695158CF2C6005511CD /* CloudFiles */ = {
			isa = PBXGroup;
			children = (
				37F0F696158CF2C6005511CD /* ASICloudFilesCDNRequest.h */,
				37F0F697158CF2C6005511CD /* ASICloudFilesCDNRequest.m */,
				37F0F698158CF2C6005511CD /* ASICloudFilesContainer.h */,
				37F0F699158CF2C6005511CD /* ASICloudFilesContainer.m */,
				37F0F69A158CF2C6005511CD /* ASICloudFilesContainerRequest.h */,
				37F0F69B158CF2C6005511CD /* ASICloudFilesContainerRequest.m */,
				37F0F69C158CF2C6005511CD /* ASICloudFilesContainerXMLParserDelegate.h */,
				37F0F69D158CF2C6005511CD /* ASICloudFilesContainerXMLParserDelegate.m */,
				37F0F69E158CF2C6005511CD /* ASICloudFilesObject.h */,
				37F0F69F158CF2C6005511CD /* ASICloudFilesObject.m */,
				37F0F6A0158CF2C6005511CD /* ASICloudFilesObjectRequest.h */,
				37F0F6A1158CF2C6005511CD /* ASICloudFilesObjectRequest.m */,
				37F0F6A2158CF2C6005511CD /* ASICloudFilesRequest.h */,
				37F0F6A3158CF2C6005511CD /* ASICloudFilesRequest.m */,
			);
			path = CloudFiles;
			sourceTree = "<group>";
		};
		37F0F6A4158CF2C6005511CD /* S3 */ = {
			isa = PBXGroup;
			children = (
				37F0F6A5158CF2C6005511CD /* ASINSXMLParserCompat.h */,
				37F0F6A6158CF2C6005511CD /* ASIS3Bucket.h */,
				37F0F6A7158CF2C6005511CD /* ASIS3Bucket.m */,
				37F0F6A8158CF2C6005511CD /* ASIS3BucketObject.h */,
				37F0F6A9158CF2C6005511CD /* ASIS3BucketObject.m */,
				37F0F6AA158CF2C6005511CD /* ASIS3BucketRequest.h */,
				37F0F6AB158CF2C6005511CD /* ASIS3BucketRequest.m */,
				37F0F6AC158CF2C6005511CD /* ASIS3ObjectRequest.h */,
				37F0F6AD158CF2C6005511CD /* ASIS3ObjectRequest.m */,
				37F0F6AE158CF2C6005511CD /* ASIS3Request.h */,
				37F0F6AF158CF2C6005511CD /* ASIS3Request.m */,
				37F0F6B0158CF2C6005511CD /* ASIS3ServiceRequest.h */,
				37F0F6B1158CF2C6005511CD /* ASIS3ServiceRequest.m */,
			);
			path = S3;
			sourceTree = "<group>";
		};
		37F0F6D0158CF2C6005511CD /* External */ = {
			isa = PBXGroup;
			children = (
				37F0F6D1158CF2C6005511CD /* GHUnit */,
				37F0F6D3158CF2C6005511CD /* Reachability */,
			);
			path = External;
			sourceTree = "<group>";
		};
		37F0F6D1158CF2C6005511CD /* GHUnit */ = {
			isa = PBXGroup;
			children = (
				37F0F6D2158CF2C6005511CD /* README-GHUnit */,
			);
			path = GHUnit;
			sourceTree = "<group>";
		};
		37F0F6D3158CF2C6005511CD /* Reachability */ = {
			isa = PBXGroup;
			children = (
				37F0F6D4158CF2C6005511CD /* Reachability.h */,
				37F0F6D5158CF2C6005511CD /* Reachability.m */,
			);
			path = Reachability;
			sourceTree = "<group>";
		};
		37F0F70B158CF4CD005511CD /* Security */ = {
			isa = PBXGroup;
			children = (
				37F0F70C158CF4CD005511CD /* SFHFKeychainUtils.h */,
				37F0F70D158CF4CD005511CD /* SFHFKeychainUtils.m */,
			);
			path = Security;
			sourceTree = "<group>";
		};
		37F0F713158CF7B0005511CD /* Resources */ = {
			isa = PBXGroup;
			children = (
				37BD796F158D613000B608DF /* header.png */,
				371075DC158D3A0900871A12 /* GridView */,
				37F0F714158CF7B0005511CD /* first.png */,
				37F0F715158CF7B0005511CD /* first@2x.png */,
				37F0F716158CF7B0005511CD /* second.png */,
				37F0F717158CF7B0005511CD /* second@2x.png */,
			);
			path = Resources;
			sourceTree = "<group>";
		};
		37F0F71C158CF7BA005511CD /* ViewControllers */ = {
			isa = PBXGroup;
			children = (
				37F0F71F158CF7BA005511CD /* WWOMessagesViewController.h */,
				37F0F720158CF7BA005511CD /* WWOMessagesViewController.m */,
				37F0F721158CF7BA005511CD /* WWOMessagesViewController.xib */,
				3710760D158D3D9D00871A12 /* WWONearbyViewController.h */,
				3710760E158D3D9D00871A12 /* WWONearbyViewController.m */,
				3710761C158D441E00871A12 /* WWONearbyViewController.xib */,
				37C34A80158FB6D60098A393 /* WWOProfileViewController.h */,
				37C34A81158FB6D60098A393 /* WWOProfileViewController.m */,
				37C34A82158FB6D60098A393 /* WWOProfileViewController.xib */,
			);
			path = ViewControllers;
			sourceTree = "<group>";
		};
		37F0F729158D0421005511CD /* Views */ = {
			isa = PBXGroup;
			children = (
				371075C2158D398B00871A12 /* GridView */,
				37BD796C158D5CFA00B608DF /* WWONearbyGridViewCell.h */,
				37BD796D158D5CFB00B608DF /* WWONearbyGridViewCell.m */,
			);
			path = Views;
			sourceTree = "<group>";
		};
		37F0F72A158D042C005511CD /* Models */ = {
			isa = PBXGroup;
			children = (
				37C34A70158E84AB0098A393 /* WWOAsDictionary.h */,
				37F0F72B158D04C1005511CD /* WWOMessage.h */,
				37F0F72C158D04C1005511CD /* WWOMessage.m */,
				37BD7971158D645900B608DF /* WWOUser.h */,
				37BD7972158D645900B608DF /* WWOUser.m */,
			);
			path = Models;
			sourceTree = "<group>";
		};
/* End PBXGroup section */

/* Begin PBXNativeTarget section */
		37F0F640158CD939005511CD /* NightOut */ = {
			isa = PBXNativeTarget;
			buildConfigurationList = 37F0F66D158CD939005511CD /* Build configuration list for PBXNativeTarget "NightOut" */;
			buildPhases = (
				37F0F63D158CD939005511CD /* Sources */,
				37F0F63E158CD939005511CD /* Frameworks */,
				37F0F63F158CD939005511CD /* Resources */,
			);
			buildRules = (
			);
			dependencies = (
			);
			name = NightOut;
			productName = NightOut;
			productReference = 37F0F641158CD939005511CD /* NightOut.app */;
			productType = "com.apple.product-type.application";
		};
/* End PBXNativeTarget section */

/* Begin PBXProject section */
		37F0F638158CD939005511CD /* Project object */ = {
			isa = PBXProject;
			attributes = {
				CLASSPREFIX = WWO;
				LastUpgradeCheck = 0430;
				ORGANIZATIONNAME = WhoWentOut;
			};
			buildConfigurationList = 37F0F63B158CD939005511CD /* Build configuration list for PBXProject "NightOut" */;
			compatibilityVersion = "Xcode 3.2";
			developmentRegion = English;
			hasScannedForEncodings = 0;
			knownRegions = (
				en,
			);
			mainGroup = 37F0F636158CD939005511CD;
			productRefGroup = 37F0F642158CD939005511CD /* Products */;
			projectDirPath = "";
			projectRoot = "";
			targets = (
				37F0F640158CD939005511CD /* NightOut */,
			);
		};
/* End PBXProject section */

/* Begin PBXResourcesBuildPhase section */
		37F0F63F158CD939005511CD /* Resources */ = {
			isa = PBXResourcesBuildPhase;
			buildActionMask = 2147483647;
			files = (
				37F0F650158CD939005511CD /* InfoPlist.strings in Resources */,
				37F0F6FB158CF2C6005511CD /* README-GHUnit in Resources */,
				37F0F718158CF7B0005511CD /* first.png in Resources */,
				37F0F719158CF7B0005511CD /* first@2x.png in Resources */,
				37F0F71A158CF7B0005511CD /* second.png in Resources */,
				37F0F71B158CF7B0005511CD /* second@2x.png in Resources */,
				37F0F726158CF7BA005511CD /* WWOMessagesViewController.xib in Resources */,
				371075E2158D3A3600871A12 /* AQGridSelection.png in Resources */,
				371075E3158D3A3600871A12 /* AQGridSelectionGray.png in Resources */,
				371075E4158D3A3600871A12 /* AQGridSelectionGrayBlue.png in Resources */,
				371075E5158D3A3600871A12 /* AQGridSelectionGreen.png in Resources */,
				371075E6158D3A3600871A12 /* AQGridSelectionRed.png in Resources */,
				3710761D158D441E00871A12 /* WWONearbyViewController.xib in Resources */,
				37BD7970158D613000B608DF /* header.png in Resources */,
				37C34A84158FB6D60098A393 /* WWOProfileViewController.xib in Resources */,
			);
			runOnlyForDeploymentPostprocessing = 0;
		};
/* End PBXResourcesBuildPhase section */

/* Begin PBXSourcesBuildPhase section */
		37F0F63D158CD939005511CD /* Sources */ = {
			isa = PBXSourcesBuildPhase;
			buildActionMask = 2147483647;
			files = (
				37F0F728158D01F1005511CD /* JSONKit.m in Sources */,
				37F0F652158CD939005511CD /* main.m in Sources */,
				37F0F656158CD939005511CD /* WWOAppDelegate.m in Sources */,
				37F0F6D6158CF2C6005511CD /* ASIAuthenticationDialog.m in Sources */,
				37F0F6D7158CF2C6005511CD /* ASIDataCompressor.m in Sources */,
				37F0F6D8158CF2C6005511CD /* ASIDataDecompressor.m in Sources */,
				37F0F6D9158CF2C6005511CD /* ASIDownloadCache.m in Sources */,
				37F0F6DA158CF2C6005511CD /* ASIFormDataRequest.m in Sources */,
				37F0F6DB158CF2C6005511CD /* ASIHTTPRequest.m in Sources */,
				37F0F6DC158CF2C6005511CD /* ASIInputStream.m in Sources */,
				37F0F6DD158CF2C6005511CD /* ASINetworkQueue.m in Sources */,
				37F0F6DF158CF2C6005511CD /* ASICloudFilesCDNRequest.m in Sources */,
				37F0F6E0158CF2C6005511CD /* ASICloudFilesContainer.m in Sources */,
				37F0F6E1158CF2C6005511CD /* ASICloudFilesContainerRequest.m in Sources */,
				37F0F6E2158CF2C6005511CD /* ASICloudFilesContainerXMLParserDelegate.m in Sources */,
				37F0F6E3158CF2C6005511CD /* ASICloudFilesObject.m in Sources */,
				37F0F6E4158CF2C6005511CD /* ASICloudFilesObjectRequest.m in Sources */,
				37F0F6E5158CF2C6005511CD /* ASICloudFilesRequest.m in Sources */,
				37F0F6E6158CF2C6005511CD /* ASIS3Bucket.m in Sources */,
				37F0F6E7158CF2C6005511CD /* ASIS3BucketObject.m in Sources */,
				37F0F6E8158CF2C6005511CD /* ASIS3BucketRequest.m in Sources */,
				37F0F6E9158CF2C6005511CD /* ASIS3ObjectRequest.m in Sources */,
				37F0F6EA158CF2C6005511CD /* ASIS3Request.m in Sources */,
				37F0F6EB158CF2C6005511CD /* ASIS3ServiceRequest.m in Sources */,
				37F0F6FC158CF2C6005511CD /* Reachability.m in Sources */,
				37F0F70E158CF4CD005511CD /* SFHFKeychainUtils.m in Sources */,
				37F0F725158CF7BA005511CD /* WWOMessagesViewController.m in Sources */,
				37F0F72D158D04C1005511CD /* WWOMessage.m in Sources */,
				371075FC158D3AA200871A12 /* MKAnnotationView+WebCache.m in Sources */,
				371075FD158D3AA200871A12 /* SDImageCache.m in Sources */,
				371075FE158D3AA200871A12 /* SDWebImageDecoder.m in Sources */,
				371075FF158D3AA200871A12 /* SDWebImageDownloader.m in Sources */,
				37107600158D3AA200871A12 /* SDWebImageManager.m in Sources */,
				37107601158D3AA200871A12 /* SDWebImagePrefetcher.m in Sources */,
				37107602158D3AA200871A12 /* UIButton+WebCache.m in Sources */,
				37107603158D3AA200871A12 /* UIImageView+WebCache.m in Sources */,
				3710760F158D3D9D00871A12 /* WWONearbyViewController.m in Sources */,
				37107610158D42BE00871A12 /* AQGridView.m in Sources */,
				37107611158D42CC00871A12 /* AQGridViewCell.m in Sources */,
				37107612158D42CC00871A12 /* AQGridViewController.m in Sources */,
				37107613158D42CC00871A12 /* AQGridViewData.m in Sources */,
				37107614158D42CC00871A12 /* AQGridViewUpdateInfo.m in Sources */,
				37107615158D42CC00871A12 /* AQGridViewUpdateItem.m in Sources */,
				37107616158D42CC00871A12 /* AQGridViewAnimatorItem.m in Sources */,
				37107617158D42CC00871A12 /* UIColor+AQGridView.m in Sources */,
				37107618158D42CC00871A12 /* NSIndexSet+AQIsSetContiguous.m in Sources */,
				37107619158D42CC00871A12 /* NSIndexSet+AQIndexesOutsideSet.m in Sources */,
				37BD796E158D5CFB00B608DF /* WWONearbyGridViewCell.m in Sources */,
				37BD7973158D645900B608DF /* WWOUser.m in Sources */,
				37C34A6B158E77210098A393 /* WWOApiManager.m in Sources */,
				37C34A76158F886A0098A393 /* Notification.m in Sources */,
				37C34A83158FB6D60098A393 /* WWOProfileViewController.m in Sources */,
			);
			runOnlyForDeploymentPostprocessing = 0;
		};
/* End PBXSourcesBuildPhase section */

/* Begin PBXVariantGroup section */
		37F0F64E158CD939005511CD /* InfoPlist.strings */ = {
			isa = PBXVariantGroup;
			children = (
				37F0F64F158CD939005511CD /* en */,
			);
			name = InfoPlist.strings;
			sourceTree = "<group>";
		};
/* End PBXVariantGroup section */

/* Begin XCBuildConfiguration section */
		37F0F66B158CD939005511CD /* Debug */ = {
			isa = XCBuildConfiguration;
			buildSettings = {
				ALWAYS_SEARCH_USER_PATHS = NO;
				ARCHS = "$(ARCHS_STANDARD_32_BIT)";
				"CODE_SIGN_IDENTITY[sdk=iphoneos*]" = "iPhone Developer";
				COPY_PHASE_STRIP = NO;
				GCC_C_LANGUAGE_STANDARD = gnu99;
				GCC_DYNAMIC_NO_PIC = NO;
				GCC_OPTIMIZATION_LEVEL = 0;
				GCC_PREPROCESSOR_DEFINITIONS = (
					"DEBUG=1",
					"$(inherited)",
				);
				GCC_SYMBOLS_PRIVATE_EXTERN = NO;
				GCC_VERSION = com.apple.compilers.llvm.clang.1_0;
				GCC_WARN_ABOUT_RETURN_TYPE = YES;
				GCC_WARN_UNINITIALIZED_AUTOS = YES;
				GCC_WARN_UNUSED_VARIABLE = YES;
				IPHONEOS_DEPLOYMENT_TARGET = 5.1;
				SDKROOT = iphoneos;
			};
			name = Debug;
		};
		37F0F66C158CD939005511CD /* Release */ = {
			isa = XCBuildConfiguration;
			buildSettings = {
				ALWAYS_SEARCH_USER_PATHS = NO;
				ARCHS = "$(ARCHS_STANDARD_32_BIT)";
				"CODE_SIGN_IDENTITY[sdk=iphoneos*]" = "iPhone Developer";
				COPY_PHASE_STRIP = YES;
				GCC_C_LANGUAGE_STANDARD = gnu99;
				GCC_VERSION = com.apple.compilers.llvm.clang.1_0;
				GCC_WARN_ABOUT_RETURN_TYPE = YES;
				GCC_WARN_UNINITIALIZED_AUTOS = YES;
				GCC_WARN_UNUSED_VARIABLE = YES;
				IPHONEOS_DEPLOYMENT_TARGET = 5.1;
				OTHER_CFLAGS = "-DNS_BLOCK_ASSERTIONS=1";
				SDKROOT = iphoneos;
				VALIDATE_PRODUCT = YES;
			};
			name = Release;
		};
		37F0F66E158CD939005511CD /* Debug */ = {
			isa = XCBuildConfiguration;
			buildSettings = {
				GCC_PRECOMPILE_PREFIX_HEADER = YES;
				GCC_PREFIX_HEADER = "NightOut/NightOut-Prefix.pch";
				INFOPLIST_FILE = "NightOut/NightOut-Info.plist";
				PRODUCT_NAME = "$(TARGET_NAME)";
				WRAPPER_EXTENSION = app;
			};
			name = Debug;
		};
		37F0F66F158CD939005511CD /* Release */ = {
			isa = XCBuildConfiguration;
			buildSettings = {
				GCC_PRECOMPILE_PREFIX_HEADER = YES;
				GCC_PREFIX_HEADER = "NightOut/NightOut-Prefix.pch";
				INFOPLIST_FILE = "NightOut/NightOut-Info.plist";
				PRODUCT_NAME = "$(TARGET_NAME)";
				WRAPPER_EXTENSION = app;
			};
			name = Release;
		};
/* End XCBuildConfiguration section */

/* Begin XCConfigurationList section */
		37F0F63B158CD939005511CD /* Build configuration list for PBXProject "NightOut" */ = {
			isa = XCConfigurationList;
			buildConfigurations = (
				37F0F66B158CD939005511CD /* Debug */,
				37F0F66C158CD939005511CD /* Release */,
			);
			defaultConfigurationIsVisible = 0;
			defaultConfigurationName = Release;
		};
		37F0F66D158CD939005511CD /* Build configuration list for PBXNativeTarget "NightOut" */ = {
			isa = XCConfigurationList;
			buildConfigurations = (
				37F0F66E158CD939005511CD /* Debug */,
				37F0F66F158CD939005511CD /* Release */,
			);
			defaultConfigurationIsVisible = 0;
			defaultConfigurationName = Release;
		};
/* End XCConfigurationList section */
	};
	rootObject = 37F0F638158CD939005511CD /* Project object */;
}
